{
  "name": "node-save-blob",
  "version": "0.1.0",
  "lockfileVersion": 3,
  "requires": true,
  "packages": {
    "": {
      "name": "node-save-blob",
      "version": "0.1.0",
      "license": "MIT",
      "dependencies": {
        "special-folders": "^0.1.0"
      },
      "engines": {
        "node": ">=18.0"
      }
    },
    "node_modules/special-folders": {
      "version": "0.1.0",
      "resolved": "https://registry.npmjs.org/special-folders/-/special-folders-0.1.0.tgz",
      "integrity": "sha512-keGpKin6G9hhStjLRKIEDYZ/3h61gVFI+D2/g6qF7gYQM0ZiV2luNbzuRQwXm4SofqTdWVD4TCu6Sk07wCrDLg==",
      "hasInstallScript": true,
      "engines": {
        "node": ">=18.0"
      }
    }
  }
}
